
Microsoft Visual Studio Solution File, Format Version 12.00
# Visual Studio Version 17
VisualStudioVersion = 17.4.33122.133
MinimumVisualStudioVersion = 10.0.40219.1
Project("{FAE04EC0-301F-11D3-BF4B-00C04F79EFBC}") = "Homework 12 ClassLibrary", "Homework 12 ClassLibrary\Homework 12 ClassLibrary.csproj", "{5BDD03DD-1F33-45EB-B850-A4AEBAE7451D}"
EndProject
Project("{FAE04EC0-301F-11D3-BF4B-00C04F79EFBC}") = "Homework 12 PrpgramCs", "Homework 12 PrpgramCs\Homework 12 PrpgramCs.csproj", "{08153D59-824C-40D8-8B50-7ACB73D2DBC0}"
EndProject
Global
	GlobalSection(SolutionConfigurationPlatforms) = preSolution
		Debug|Any CPU = Debug|Any CPU
		Release|Any CPU = Release|Any CPU
	EndGlobalSection
	GlobalSection(ProjectConfigurationPlatforms) = postSolution
		{5BDD03DD-1F33-45EB-B850-A4AEBAE7451D}.Debug|Any CPU.ActiveCfg = Debug|Any CPU
		{5BDD03DD-1F33-45EB-B850-A4AEBAE7451D}.Debug|Any CPU.Build.0 = Debug|Any CPU
		{5BDD03DD-1F33-45EB-B850-A4AEBAE7451D}.Release|Any CPU.ActiveCfg = Release|Any CPU
		{5BDD03DD-1F33-45EB-B850-A4AEBAE7451D}.Release|Any CPU.Build.0 = Release|Any CPU
		{08153D59-824C-40D8-8B50-7ACB73D2DBC0}.Debug|Any CPU.ActiveCfg = Debug|Any CPU
		{08153D59-824C-40D8-8B50-7ACB73D2DBC0}.Debug|Any CPU.Build.0 = Debug|Any CPU
		{08153D59-824C-40D8-8B50-7ACB73D2DBC0}.Release|Any CPU.ActiveCfg = Release|Any CPU
		{08153D59-824C-40D8-8B50-7ACB73D2DBC0}.Release|Any CPU.Build.0 = Release|Any CPU
	EndGlobalSection
	GlobalSection(SolutionProperties) = preSolution
		HideSolutionNode = FALSE
	EndGlobalSection
	GlobalSection(ExtensibilityGlobals) = postSolution
		SolutionGuid = {8C569CE5-07B5-4EED-A8DA-26C46BA6CF03}
	EndGlobalSection
EndGlobal
